
Microsoft Visual Studio Solution File, Format Version 12.00
# Visual Studio Version 17
VisualStudioVersion = 17.6.33723.286
MinimumVisualStudioVersion = 10.0.40219.1
Project("{FAE04EC0-301F-11D3-BF4B-00C04F79EFBC}") = "Fiap.Api.AspNet5", "Fiap.Api.AspNet5\Fiap.Api.AspNet5.csproj", "{847A6945-F23B-4BCE-A4E7-C643F0F3F3D3}"
EndProject
Global
	GlobalSection(SolutionConfigurationPlatforms) = preSolution
		Debug|Any CPU = Debug|Any CPU
		Release|Any CPU = Release|Any CPU
	EndGlobalSection
	GlobalSection(ProjectConfigurationPlatforms) = postSolution
		{847A6945-F23B-4BCE-A4E7-C643F0F3F3D3}.Debug|Any CPU.ActiveCfg = Debug|Any CPU
		{847A6945-F23B-4BCE-A4E7-C643F0F3F3D3}.Debug|Any CPU.Build.0 = Debug|Any CPU
		{847A6945-F23B-4BCE-A4E7-C643F0F3F3D3}.Release|Any CPU.ActiveCfg = Release|Any CPU
		{847A6945-F23B-4BCE-A4E7-C643F0F3F3D3}.Release|Any CPU.Build.0 = Release|Any CPU
	EndGlobalSection
	GlobalSection(SolutionProperties) = preSolution
		HideSolutionNode = FALSE
	EndGlobalSection
	GlobalSection(ExtensibilityGlobals) = postSolution
		SolutionGuid = {130C4663-44E7-4538-9342-375AF2AF25FF}
	EndGlobalSection
EndGlobal
